
Microsoft Visual Studio Solution File, Format Version 12.00
# Visual Studio Version 17
VisualStudioVersion = 17.10.34916.146
MinimumVisualStudioVersion = 10.0.40219.1
Project("{FAE04EC0-301F-11D3-BF4B-00C04F79EFBC}") = "SY22_PRRPRR02_04_Objektorientering", "SY22_PRRPRR02_04_Objektorientering\SY22_PRRPRR02_04_Objektorientering.csproj", "{06E22238-1602-4F1E-A690-96047885C830}"
EndProject
Global
	GlobalSection(SolutionConfigurationPlatforms) = preSolution
		Debug|Any CPU = Debug|Any CPU
		Release|Any CPU = Release|Any CPU
	EndGlobalSection
	GlobalSection(ProjectConfigurationPlatforms) = postSolution
		{06E22238-1602-4F1E-A690-96047885C830}.Debug|Any CPU.ActiveCfg = Debug|Any CPU
		{06E22238-1602-4F1E-A690-96047885C830}.Debug|Any CPU.Build.0 = Debug|Any CPU
		{06E22238-1602-4F1E-A690-96047885C830}.Release|Any CPU.ActiveCfg = Release|Any CPU
		{06E22238-1602-4F1E-A690-96047885C830}.Release|Any CPU.Build.0 = Release|Any CPU
	EndGlobalSection
	GlobalSection(SolutionProperties) = preSolution
		HideSolutionNode = FALSE
	EndGlobalSection
	GlobalSection(ExtensibilityGlobals) = postSolution
		SolutionGuid = {11DD81EF-EBD0-49FC-94D8-4F1BCC1F089C}
	EndGlobalSection
EndGlobal
